
Microsoft Visual Studio Solution File, Format Version 12.00
# Visual Studio Version 17
VisualStudioVersion = 17.10.35013.160
MinimumVisualStudioVersion = 10.0.40219.1
Project("{9A19103F-16F7-4668-BE54-9A1E7A4F7556}") = "Exo-Monopoly", "Exo-Monopoly\Exo-Monopoly.csproj", "{DF1A20A7-BD00-4D03-B7C1-C8DAA3852A8F}"
EndProject
Project("{FAE04EC0-301F-11D3-BF4B-00C04F79EFBC}") = "Exo-Sup-Event-ChatSouris", "Exo-Sup-Event-ChatSouris\Exo-Sup-Event-ChatSouris.csproj", "{DFCFBFD1-332B-4516-B800-95AEDDB7BA4A}"
EndProject
Global
	GlobalSection(SolutionConfigurationPlatforms) = preSolution
		Debug|Any CPU = Debug|Any CPU
		Release|Any CPU = Release|Any CPU
	EndGlobalSection
	GlobalSection(ProjectConfigurationPlatforms) = postSolution
		{DF1A20A7-BD00-4D03-B7C1-C8DAA3852A8F}.Debug|Any CPU.ActiveCfg = Debug|Any CPU
		{DF1A20A7-BD00-4D03-B7C1-C8DAA3852A8F}.Debug|Any CPU.Build.0 = Debug|Any CPU
		{DF1A20A7-BD00-4D03-B7C1-C8DAA3852A8F}.Release|Any CPU.ActiveCfg = Release|Any CPU
		{DF1A20A7-BD00-4D03-B7C1-C8DAA3852A8F}.Release|Any CPU.Build.0 = Release|Any CPU
		{DFCFBFD1-332B-4516-B800-95AEDDB7BA4A}.Debug|Any CPU.ActiveCfg = Debug|Any CPU
		{DFCFBFD1-332B-4516-B800-95AEDDB7BA4A}.Debug|Any CPU.Build.0 = Debug|Any CPU
		{DFCFBFD1-332B-4516-B800-95AEDDB7BA4A}.Release|Any CPU.ActiveCfg = Release|Any CPU
		{DFCFBFD1-332B-4516-B800-95AEDDB7BA4A}.Release|Any CPU.Build.0 = Release|Any CPU
	EndGlobalSection
	GlobalSection(SolutionProperties) = preSolution
		HideSolutionNode = FALSE
	EndGlobalSection
	GlobalSection(ExtensibilityGlobals) = postSolution
		SolutionGuid = {80A760AE-710D-41D5-8E8F-8CCCD0499DE9}
	EndGlobalSection
EndGlobal
